
Microsoft Visual Studio Solution File, Format Version 12.00
# Visual Studio 2013
VisualStudioVersion = 12.0.21005.1
MinimumVisualStudioVersion = 10.0.40219.1
Project("{FAE04EC0-301F-11D3-BF4B-00C04F79EFBC}") = "Recive", "Tests\Recive.csproj", "{D7D27CDC-4408-4744-81F9-0068DA26B037}"
EndProject
Project("{FAE04EC0-301F-11D3-BF4B-00C04F79EFBC}") = "Send", "MvcApplication1\Send.csproj", "{57E706C0-27EA-48AC-AC93-F59B99F46954}"
EndProject
Global
	GlobalSection(SolutionConfigurationPlatforms) = preSolution
		Debug|Any CPU = Debug|Any CPU
		Release|Any CPU = Release|Any CPU
	EndGlobalSection
	GlobalSection(ProjectConfigurationPlatforms) = postSolution
		{D7D27CDC-4408-4744-81F9-0068DA26B037}.Debug|Any CPU.ActiveCfg = Debug|Any CPU
		{D7D27CDC-4408-4744-81F9-0068DA26B037}.Debug|Any CPU.Build.0 = Debug|Any CPU
		{D7D27CDC-4408-4744-81F9-0068DA26B037}.Release|Any CPU.ActiveCfg = Release|Any CPU
		{D7D27CDC-4408-4744-81F9-0068DA26B037}.Release|Any CPU.Build.0 = Release|Any CPU
		{57E706C0-27EA-48AC-AC93-F59B99F46954}.Debug|Any CPU.ActiveCfg = Debug|Any CPU
		{57E706C0-27EA-48AC-AC93-F59B99F46954}.Debug|Any CPU.Build.0 = Debug|Any CPU
		{57E706C0-27EA-48AC-AC93-F59B99F46954}.Release|Any CPU.ActiveCfg = Release|Any CPU
		{57E706C0-27EA-48AC-AC93-F59B99F46954}.Release|Any CPU.Build.0 = Release|Any CPU
	EndGlobalSection
	GlobalSection(SolutionProperties) = preSolution
		HideSolutionNode = FALSE
	EndGlobalSection
EndGlobal
